{
  "pins" : [
    {
      "identity" : "refds-resource",
      "kind" : "remoteSourceControl",
      "location" : "https://github.com/refdsenterprise/refds-resource.git",
      "state" : {
        "branch" : "main",
        "revision" : "6a3f4bd730889d7b86b2424891f85d3027ab3a54"
      }
    }
  ],
  "version" : 2
}
